
Microsoft Visual Studio Solution File, Format Version 12.00
# Visual Studio Version 17
VisualStudioVersion = 17.4.33110.190
MinimumVisualStudioVersion = 10.0.40219.1
Project("{FAE04EC0-301F-11D3-BF4B-00C04F79EFBC}") = "BlazorDemo", "BlazorDemo.csproj", "{B44A4916-2F9D-491C-99D7-E9628AFF22F4}"
EndProject
Global
	GlobalSection(SolutionConfigurationPlatforms) = preSolution
		Debug|Any CPU = Debug|Any CPU
		Release|Any CPU = Release|Any CPU
	EndGlobalSection
	GlobalSection(ProjectConfigurationPlatforms) = postSolution
		{B44A4916-2F9D-491C-99D7-E9628AFF22F4}.Debug|Any CPU.ActiveCfg = Debug|Any CPU
		{B44A4916-2F9D-491C-99D7-E9628AFF22F4}.Debug|Any CPU.Build.0 = Debug|Any CPU
		{B44A4916-2F9D-491C-99D7-E9628AFF22F4}.Release|Any CPU.ActiveCfg = Release|Any CPU
		{B44A4916-2F9D-491C-99D7-E9628AFF22F4}.Release|Any CPU.Build.0 = Release|Any CPU
	EndGlobalSection
	GlobalSection(SolutionProperties) = preSolution
		HideSolutionNode = FALSE
	EndGlobalSection
	GlobalSection(ExtensibilityGlobals) = postSolution
		SolutionGuid = {6A773D75-9A18-4051-ACA7-E77994BBA45F}
	EndGlobalSection
EndGlobal
